
Microsoft Visual Studio Solution File, Format Version 12.00
# Visual Studio Version 16
VisualStudioVersion = 16.0.31624.102
MinimumVisualStudioVersion = 10.0.40219.1
Project("{FAE04EC0-301F-11D3-BF4B-00C04F79EFBC}") = "Guess Number", "Guess Number.csproj", "{70E5E827-2D82-41C3-B702-2394719E8319}"
EndProject
Global
	GlobalSection(SolutionConfigurationPlatforms) = preSolution
		Debug|Any CPU = Debug|Any CPU
		Release|Any CPU = Release|Any CPU
	EndGlobalSection
	GlobalSection(ProjectConfigurationPlatforms) = postSolution
		{70E5E827-2D82-41C3-B702-2394719E8319}.Debug|Any CPU.ActiveCfg = Debug|Any CPU
		{70E5E827-2D82-41C3-B702-2394719E8319}.Debug|Any CPU.Build.0 = Debug|Any CPU
		{70E5E827-2D82-41C3-B702-2394719E8319}.Release|Any CPU.ActiveCfg = Release|Any CPU
		{70E5E827-2D82-41C3-B702-2394719E8319}.Release|Any CPU.Build.0 = Release|Any CPU
	EndGlobalSection
	GlobalSection(SolutionProperties) = preSolution
		HideSolutionNode = FALSE
	EndGlobalSection
	GlobalSection(ExtensibilityGlobals) = postSolution
		SolutionGuid = {C40E8846-3AEB-4E18-80D3-E95235EAB6C9}
	EndGlobalSection
EndGlobal
